
Microsoft Visual Studio Solution File, Format Version 12.00
# Visual Studio Version 17
VisualStudioVersion = 17.13.35825.156 d17.13
MinimumVisualStudioVersion = 10.0.40219.1
Project("{FAE04EC0-301F-11D3-BF4B-00C04F79EFBC}") = "Common", "Common\Common.csproj", "{96A87DED-3AE8-4579-93FE-677FD0A8C009}"
EndProject
Project("{FAE04EC0-301F-11D3-BF4B-00C04F79EFBC}") = "Node1", "Node1\Node1.csproj", "{E1D70A29-3B18-40D8-B3C2-57A143384D7A}"
EndProject
Project("{FAE04EC0-301F-11D3-BF4B-00C04F79EFBC}") = "Node2", "Node2\Node2.csproj", "{19583C16-D494-42E2-B00A-222C9660945A}"
EndProject
Project("{FAE04EC0-301F-11D3-BF4B-00C04F79EFBC}") = "Node3", "Node3\Node3.csproj", "{4D166DB1-0E07-4C1A-8EBD-8D1797A89B76}"
EndProject
Global
	GlobalSection(SolutionConfigurationPlatforms) = preSolution
		Debug|Any CPU = Debug|Any CPU
		Release|Any CPU = Release|Any CPU
	EndGlobalSection
	GlobalSection(ProjectConfigurationPlatforms) = postSolution
		{96A87DED-3AE8-4579-93FE-677FD0A8C009}.Debug|Any CPU.ActiveCfg = Debug|Any CPU
		{96A87DED-3AE8-4579-93FE-677FD0A8C009}.Debug|Any CPU.Build.0 = Debug|Any CPU
		{96A87DED-3AE8-4579-93FE-677FD0A8C009}.Release|Any CPU.ActiveCfg = Release|Any CPU
		{96A87DED-3AE8-4579-93FE-677FD0A8C009}.Release|Any CPU.Build.0 = Release|Any CPU
		{E1D70A29-3B18-40D8-B3C2-57A143384D7A}.Debug|Any CPU.ActiveCfg = Debug|Any CPU
		{E1D70A29-3B18-40D8-B3C2-57A143384D7A}.Debug|Any CPU.Build.0 = Debug|Any CPU
		{E1D70A29-3B18-40D8-B3C2-57A143384D7A}.Release|Any CPU.ActiveCfg = Release|Any CPU
		{E1D70A29-3B18-40D8-B3C2-57A143384D7A}.Release|Any CPU.Build.0 = Release|Any CPU
		{19583C16-D494-42E2-B00A-222C9660945A}.Debug|Any CPU.ActiveCfg = Debug|Any CPU
		{19583C16-D494-42E2-B00A-222C9660945A}.Debug|Any CPU.Build.0 = Debug|Any CPU
		{19583C16-D494-42E2-B00A-222C9660945A}.Release|Any CPU.ActiveCfg = Release|Any CPU
		{19583C16-D494-42E2-B00A-222C9660945A}.Release|Any CPU.Build.0 = Release|Any CPU
		{4D166DB1-0E07-4C1A-8EBD-8D1797A89B76}.Debug|Any CPU.ActiveCfg = Debug|Any CPU
		{4D166DB1-0E07-4C1A-8EBD-8D1797A89B76}.Debug|Any CPU.Build.0 = Debug|Any CPU
		{4D166DB1-0E07-4C1A-8EBD-8D1797A89B76}.Release|Any CPU.ActiveCfg = Release|Any CPU
		{4D166DB1-0E07-4C1A-8EBD-8D1797A89B76}.Release|Any CPU.Build.0 = Release|Any CPU
	EndGlobalSection
	GlobalSection(SolutionProperties) = preSolution
		HideSolutionNode = FALSE
	EndGlobalSection
	GlobalSection(ExtensibilityGlobals) = postSolution
		SolutionGuid = {48C44A40-4C52-49F1-97F4-6D507B47FD65}
	EndGlobalSection
EndGlobal
